# THIS IS AN AUTOGENERATED FILE. DO NOT EDIT THIS FILE DIRECTLY.
# yarn lockfile v1


"@types/node@^12.0.2":
  version "12.0.2"
  resolved "https://registry.yarnpkg.com/@types/node/-/node-12.0.2.tgz#3452a24edf9fea138b48fad4a0a028a683da1e40"
  integrity sha512-5tabW/i+9mhrfEOUcLDu2xBPsHJ+X5Orqy9FKpale3SjDA17j5AEpYq5vfy3oAeAHGcvANRCO3NV3d2D6q3NiA==

csv-parse@^4.4.1:
  version "4.4.1"
  resolved "https://registry.yarnpkg.com/csv-parse/-/csv-parse-4.4.1.tgz#b40df60a3724fdf24ad2856586bf8f1dc7682e54"
  integrity sha512-uFe5phPfmwBXSPWz5GYHeaEc2Oezn2kY5iLIvG1sJjc32Y4GU7T/b/uX5ffZh4CBDWwJQjwAuxrDEdl3Z5Qv+g==

fresh-tabula-js@^1.0.1:
  version "1.0.1"
  resolved "https://registry.yarnpkg.com/fresh-tabula-js/-/fresh-tabula-js-1.0.1.tgz#15bc489acfd7922c4c8a38af385102187eb285e9"
  integrity sha512-MUgzRGb6ClGg6uNsomSXwaFrX9BWuxiFd8JAm/ynCW7c4e9ojb61inTPwy3sdOkXR7PsdgW9EmnJ9tPywgi/Rg==
  dependencies:
    highland "^2.13.4"
    highland-process "^1.0.5"
    lodash "^4.17.11"

highland-errors-to@^2.0.1:
  version "2.0.1"
  resolved "https://registry.yarnpkg.com/highland-errors-to/-/highland-errors-to-2.0.1.tgz#5d263c8d4a178dd8d6112c72e219b0dad90e4d27"
  integrity sha1-XSY8jUoXjdjWESxy4hmw2tkOTSc=
  dependencies:
    highland "^2.4.0"

highland-process@^1.0.5:
  version "1.0.5"
  resolved "https://registry.yarnpkg.com/highland-process/-/highland-process-1.0.5.tgz#1c09c41b517b940ebeb2069739a8b296fecf26e8"
  integrity sha1-HAnEG1F7lA6+sgaXOaiylv7PJug=
  dependencies:
    highland "^2.2.0"
    highland-errors-to "^2.0.1"

highland@^2.13.4, highland@^2.2.0, highland@^2.4.0:
  version "2.13.4"
  resolved "https://registry.yarnpkg.com/highland/-/highland-2.13.4.tgz#c8befa3f4012c9033728bc2250f5d3ba8f64b634"
  integrity sha512-r+YlbnBhCTcrcVzBpzPcrvB0llVjeDWKuXSZVuNBe5WgQJtN2xGUUMZC9WzHCntNIx0rskVernxLoFJUCkmb/Q==
  dependencies:
    util-deprecate "^1.0.2"

ical-generator@^1.7.1:
  version "1.7.1"
  resolved "https://registry.yarnpkg.com/ical-generator/-/ical-generator-1.7.1.tgz#8f994a44d2bb9da7b0f941723557fa6dbbf7c5a8"
  integrity sha512-G9QAYkxZn8sVXbtl3IcRq3+AL4liQAd7J7OgRfs8WogeE5fK7hbmq3fJivaPrkd49quEcrzOIQdGko/ruYKFKQ==
  dependencies:
    moment-timezone "^0.5.25"

lodash@^4.17.11:
  version "4.17.11"
  resolved "https://registry.yarnpkg.com/lodash/-/lodash-4.17.11.tgz#b39ea6229ef607ecd89e2c8df12536891cac9b8d"
  integrity sha512-cQKh8igo5QUhZ7lg38DYWAxMvjSAKG0A8wGSVimP07SIUEK2UO+arSRKbRZWtelMtN5V0Hkwh5ryOto/SshYIg==

moment-timezone@^0.5.25:
  version "0.5.25"
  resolved "https://registry.yarnpkg.com/moment-timezone/-/moment-timezone-0.5.25.tgz#a11bfa2f74e088327f2cd4c08b3e7bdf55957810"
  integrity sha512-DgEaTyN/z0HFaVcVbSyVCUU6HeFdnNC3vE4c9cgu2dgMTvjBUBdBzWfasTBmAW45u5OIMeCJtU8yNjM22DHucw==
  dependencies:
    moment ">= 2.9.0"

"moment@>= 2.9.0", moment@^2.24.0:
  version "2.24.0"
  resolved "https://registry.yarnpkg.com/moment/-/moment-2.24.0.tgz#0d055d53f5052aa653c9f6eb68bb5d12bf5c2b5b"
  integrity sha512-bV7f+6l2QigeBBZSM/6yTNq4P2fNpSWj/0e7jQcy87A8e7o2nAfP/34/2ky5Vw4B9S446EtIhodAzkFCcR4dQg==

util-deprecate@^1.0.2:
  version "1.0.2"
  resolved "https://registry.yarnpkg.com/util-deprecate/-/util-deprecate-1.0.2.tgz#450d4dc9fa70de732762fbd2d4a28981419a0ccf"
  integrity sha1-RQ1Nyfpw3nMnYvvS1KKJgUGaDM8=
